
Microsoft Visual Studio Solution File, Format Version 12.00
# Visual Studio Version 17
VisualStudioVersion = 17.1.32210.238
MinimumVisualStudioVersion = 10.0.40219.1
Project("{FAE04EC0-301F-11D3-BF4B-00C04F79EFBC}") = "Laba 5.4 2023", "Laba 5.4 2023\Laba 5.4 2023.csproj", "{D5CCE0A4-9AAB-45CF-8314-4A4EAC41A9E7}"
EndProject
Global
	GlobalSection(SolutionConfigurationPlatforms) = preSolution
		Debug|Any CPU = Debug|Any CPU
		Release|Any CPU = Release|Any CPU
	EndGlobalSection
	GlobalSection(ProjectConfigurationPlatforms) = postSolution
		{D5CCE0A4-9AAB-45CF-8314-4A4EAC41A9E7}.Debug|Any CPU.ActiveCfg = Debug|Any CPU
		{D5CCE0A4-9AAB-45CF-8314-4A4EAC41A9E7}.Debug|Any CPU.Build.0 = Debug|Any CPU
		{D5CCE0A4-9AAB-45CF-8314-4A4EAC41A9E7}.Release|Any CPU.ActiveCfg = Release|Any CPU
		{D5CCE0A4-9AAB-45CF-8314-4A4EAC41A9E7}.Release|Any CPU.Build.0 = Release|Any CPU
	EndGlobalSection
	GlobalSection(SolutionProperties) = preSolution
		HideSolutionNode = FALSE
	EndGlobalSection
	GlobalSection(ExtensibilityGlobals) = postSolution
		SolutionGuid = {300F3E0E-8CB7-4972-A053-71354EB33876}
	EndGlobalSection
EndGlobal
